
Microsoft Visual Studio Solution File, Format Version 12.00
# Visual Studio Version 17
VisualStudioVersion = 17.7.34221.43
MinimumVisualStudioVersion = 10.0.40219.1
Project("{FAE04EC0-301F-11D3-BF4B-00C04F79EFBC}") = "WindowsFormsApp4", "WindowsFormsApp4\WindowsFormsApp4.csproj", "{60BE0656-1B80-4963-B1E2-CFD9D3FCC9D6}"
EndProject
Global
	GlobalSection(SolutionConfigurationPlatforms) = preSolution
		Debug|Any CPU = Debug|Any CPU
		Release|Any CPU = Release|Any CPU
	EndGlobalSection
	GlobalSection(ProjectConfigurationPlatforms) = postSolution
		{60BE0656-1B80-4963-B1E2-CFD9D3FCC9D6}.Debug|Any CPU.ActiveCfg = Debug|Any CPU
		{60BE0656-1B80-4963-B1E2-CFD9D3FCC9D6}.Debug|Any CPU.Build.0 = Debug|Any CPU
		{60BE0656-1B80-4963-B1E2-CFD9D3FCC9D6}.Release|Any CPU.ActiveCfg = Release|Any CPU
		{60BE0656-1B80-4963-B1E2-CFD9D3FCC9D6}.Release|Any CPU.Build.0 = Release|Any CPU
	EndGlobalSection
	GlobalSection(SolutionProperties) = preSolution
		HideSolutionNode = FALSE
	EndGlobalSection
	GlobalSection(ExtensibilityGlobals) = postSolution
		SolutionGuid = {DEF4B213-AB25-4E24-BAC9-9E080A4DAA40}
	EndGlobalSection
EndGlobal
